
Microsoft Visual Studio Solution File, Format Version 12.00
# Visual Studio 15
VisualStudioVersion = 15.0.28307.572
MinimumVisualStudioVersion = 10.0.40219.1
Project("{FAE04EC0-301F-11D3-BF4B-00C04F79EFBC}") = "ConsignmentShopUI", "ConsignmentShopUI\ConsignmentShopUI.csproj", "{CD903037-2178-4C0A-92CA-5474B266A29C}"
EndProject
Project("{FAE04EC0-301F-11D3-BF4B-00C04F79EFBC}") = "ConsignmentShopLibrary", "ConsignmentShopLibrary\ConsignmentShopLibrary.csproj", "{450C27B1-968A-436D-ADBF-6D584293725B}"
EndProject
Global
	GlobalSection(SolutionConfigurationPlatforms) = preSolution
		Debug|Any CPU = Debug|Any CPU
		Release|Any CPU = Release|Any CPU
	EndGlobalSection
	GlobalSection(ProjectConfigurationPlatforms) = postSolution
		{CD903037-2178-4C0A-92CA-5474B266A29C}.Debug|Any CPU.ActiveCfg = Debug|Any CPU
		{CD903037-2178-4C0A-92CA-5474B266A29C}.Debug|Any CPU.Build.0 = Debug|Any CPU
		{CD903037-2178-4C0A-92CA-5474B266A29C}.Release|Any CPU.ActiveCfg = Release|Any CPU
		{CD903037-2178-4C0A-92CA-5474B266A29C}.Release|Any CPU.Build.0 = Release|Any CPU
		{450C27B1-968A-436D-ADBF-6D584293725B}.Debug|Any CPU.ActiveCfg = Debug|Any CPU
		{450C27B1-968A-436D-ADBF-6D584293725B}.Debug|Any CPU.Build.0 = Debug|Any CPU
		{450C27B1-968A-436D-ADBF-6D584293725B}.Release|Any CPU.ActiveCfg = Release|Any CPU
		{450C27B1-968A-436D-ADBF-6D584293725B}.Release|Any CPU.Build.0 = Release|Any CPU
	EndGlobalSection
	GlobalSection(SolutionProperties) = preSolution
		HideSolutionNode = FALSE
	EndGlobalSection
	GlobalSection(ExtensibilityGlobals) = postSolution
		SolutionGuid = {4F1E3EA0-2DA9-434B-9A8E-A2902EA6BFFE}
	EndGlobalSection
EndGlobal
